
Microsoft Visual Studio Solution File, Format Version 12.00
# Visual Studio Version 17
VisualStudioVersion = 17.4.32804.182
MinimumVisualStudioVersion = 10.0.40219.1
Project("{FAE04EC0-301F-11D3-BF4B-00C04F79EFBC}") = "Razorcart", "Razorcart\Razorcart.csproj", "{8F8C83E2-77F3-41C4-9D0D-199178080EE9}"
EndProject
Global
	GlobalSection(SolutionConfigurationPlatforms) = preSolution
		Debug|Any CPU = Debug|Any CPU
		Release|Any CPU = Release|Any CPU
	EndGlobalSection
	GlobalSection(ProjectConfigurationPlatforms) = postSolution
		{8F8C83E2-77F3-41C4-9D0D-199178080EE9}.Debug|Any CPU.ActiveCfg = Debug|Any CPU
		{8F8C83E2-77F3-41C4-9D0D-199178080EE9}.Debug|Any CPU.Build.0 = Debug|Any CPU
		{8F8C83E2-77F3-41C4-9D0D-199178080EE9}.Release|Any CPU.ActiveCfg = Release|Any CPU
		{8F8C83E2-77F3-41C4-9D0D-199178080EE9}.Release|Any CPU.Build.0 = Release|Any CPU
	EndGlobalSection
	GlobalSection(SolutionProperties) = preSolution
		HideSolutionNode = FALSE
	EndGlobalSection
	GlobalSection(ExtensibilityGlobals) = postSolution
		SolutionGuid = {25EFEB96-6110-44F5-A106-5E89973F4F6E}
	EndGlobalSection
EndGlobal
